// !$*UTF8*$!
{
	archiveVersion = 1;
	classes = {
	};
	objectVersion = 46;
	objects = {

/* Begin PBXBuildFile section */
		2C1B5EC11595E236006F3E8A /* photo.png in Resources */ = {isa = PBXBuildFile; fileRef = 2C1B5EC01595E236006F3E8A /* photo.png */; };
		2C3914281562903B0082277A /* UIKit.framework in Frameworks */ = {isa = PBXBuildFile; fileRef = 2C3914271562903B0082277A /* UIKit.framework */; };
		2C39142A1562903B0082277A /* Foundation.framework in Frameworks */ = {isa = PBXBuildFile; fileRef = 2C3914291562903B0082277A /* Foundation.framework */; };
		2C39142C1562903B0082277A /* CoreGraphics.framework in Frameworks */ = {isa = PBXBuildFile; fileRef = 2C39142B1562903B0082277A /* CoreGraphics.framework */; };
		2C3914321562903B0082277A /* InfoPlist.strings in Resources */ = {isa = PBXBuildFile; fileRef = 2C3914301562903B0082277A /* InfoPlist.strings */; };
		2C3914341562903B0082277A /* main.m in Sources */ = {isa = PBXBuildFile; fileRef = 2C3914331562903B0082277A /* main.m */; };
		2C3914381562903B0082277A /* FlickrCS193pAppDelegate.m in Sources */ = {isa = PBXBuildFile; fileRef = 2C3914371562903B0082277A /* FlickrCS193pAppDelegate.m */; };
		2C39143B1562903B0082277A /* MainStoryboard_iPhone.storyboard in Resources */ = {isa = PBXBuildFile; fileRef = 2C3914391562903B0082277A /* MainStoryboard_iPhone.storyboard */; };
		2C39143E1562903B0082277A /* MainStoryboard_iPad.storyboard in Resources */ = {isa = PBXBuildFile; fileRef = 2C39143C1562903B0082277A /* MainStoryboard_iPad.storyboard */; };
		2C39144A156290870082277A /* FlickrFetcher.m in Sources */ = {isa = PBXBuildFile; fileRef = 2C391449156290860082277A /* FlickrFetcher.m */; };
		2C391451156296E00082277A /* TopPlacesTableViewController.m in Sources */ = {isa = PBXBuildFile; fileRef = 2C391450156296E00082277A /* TopPlacesTableViewController.m */; };
		2C39145A1563EEF40082277A /* RecentPhotosTableViewController.m in Sources */ = {isa = PBXBuildFile; fileRef = 2C3914591563EEF40082277A /* RecentPhotosTableViewController.m */; };
		2C86D6BA1566690E00458CBC /* PhotoViewController.m in Sources */ = {isa = PBXBuildFile; fileRef = 2C86D6B91566690E00458CBC /* PhotoViewController.m */; };
		2C86D6CA156AAE9900458CBC /* SplitViewDelegateUITabBarController.m in Sources */ = {isa = PBXBuildFile; fileRef = 2C86D6C9156AAE9900458CBC /* SplitViewDelegateUITabBarController.m */; };
		2CE4713115BC4F4400B092DB /* MapViewController.m in Sources */ = {isa = PBXBuildFile; fileRef = 2CE4713015BC4F4400B092DB /* MapViewController.m */; };
		2CE4713315BC518000B092DB /* MapKit.framework in Frameworks */ = {isa = PBXBuildFile; fileRef = 2CE4713215BC518000B092DB /* MapKit.framework */; };
		2CE4713515BC519300B092DB /* CoreLocation.framework in Frameworks */ = {isa = PBXBuildFile; fileRef = 2CE4713415BC519200B092DB /* CoreLocation.framework */; };
		2CE4713B15BD412300B092DB /* FlickrAnnotation.m in Sources */ = {isa = PBXBuildFile; fileRef = 2CE4713A15BD412200B092DB /* FlickrAnnotation.m */; };
/* End PBXBuildFile section */

/* Begin PBXFileReference section */
		2C1B5EC01595E236006F3E8A /* photo.png */ = {isa = PBXFileReference; lastKnownFileType = image.png; path = photo.png; sourceTree = "<group>"; };
		2C3914231562903B0082277A /* FlickrCS193p.app */ = {isa = PBXFileReference; explicitFileType = wrapper.application; includeInIndex = 0; path = FlickrCS193p.app; sourceTree = BUILT_PRODUCTS_DIR; };
		2C3914271562903B0082277A /* UIKit.framework */ = {isa = PBXFileReference; lastKnownFileType = wrapper.framework; name = UIKit.framework; path = System/Library/Frameworks/UIKit.framework; sourceTree = SDKROOT; };
		2C3914291562903B0082277A /* Foundation.framework */ = {isa = PBXFileReference; lastKnownFileType = wrapper.framework; name = Foundation.framework; path = System/Library/Frameworks/Foundation.framework; sourceTree = SDKROOT; };
		2C39142B1562903B0082277A /* CoreGraphics.framework */ = {isa = PBXFileReference; lastKnownFileType = wrapper.framework; name = CoreGraphics.framework; path = System/Library/Frameworks/CoreGraphics.framework; sourceTree = SDKROOT; };
		2C39142F1562903B0082277A /* FlickrCS193p-Info.plist */ = {isa = PBXFileReference; lastKnownFileType = text.plist.xml; path = "FlickrCS193p-Info.plist"; sourceTree = "<group>"; };
		2C3914311562903B0082277A /* en */ = {isa = PBXFileReference; lastKnownFileType = text.plist.strings; name = en; path = en.lproj/InfoPlist.strings; sourceTree = "<group>"; };
		2C3914331562903B0082277A /* main.m */ = {isa = PBXFileReference; lastKnownFileType = sourcecode.c.objc; path = main.m; sourceTree = "<group>"; };
		2C3914351562903B0082277A /* FlickrCS193p-Prefix.pch */ = {isa = PBXFileReference; lastKnownFileType = sourcecode.c.h; path = "FlickrCS193p-Prefix.pch"; sourceTree = "<group>"; };
		2C3914361562903B0082277A /* FlickrCS193pAppDelegate.h */ = {isa = PBXFileReference; lastKnownFileType = sourcecode.c.h; path = FlickrCS193pAppDelegate.h; sourceTree = "<group>"; };
		2C3914371562903B0082277A /* FlickrCS193pAppDelegate.m */ = {isa = PBXFileReference; lastKnownFileType = sourcecode.c.objc; path = FlickrCS193pAppDelegate.m; sourceTree = "<group>"; };
		2C39143A1562903B0082277A /* en */ = {isa = PBXFileReference; lastKnownFileType = file.storyboard; name = en; path = en.lproj/MainStoryboard_iPhone.storyboard; sourceTree = "<group>"; };
		2C39143D1562903B0082277A /* en */ = {isa = PBXFileReference; lastKnownFileType = file.storyboard; name = en; path = en.lproj/MainStoryboard_iPad.storyboard; sourceTree = "<group>"; };
		2C391447156290860082277A /* FlickrAPIKey.h */ = {isa = PBXFileReference; fileEncoding = 4; lastKnownFileType = sourcecode.c.h; path = FlickrAPIKey.h; sourceTree = "<group>"; };
		2C391448156290860082277A /* FlickrFetcher.h */ = {isa = PBXFileReference; fileEncoding = 4; lastKnownFileType = sourcecode.c.h; path = FlickrFetcher.h; sourceTree = "<group>"; };
		2C391449156290860082277A /* FlickrFetcher.m */ = {isa = PBXFileReference; fileEncoding = 4; lastKnownFileType = sourcecode.c.objc; path = FlickrFetcher.m; sourceTree = "<group>"; };
		2C39144F156296E00082277A /* TopPlacesTableViewController.h */ = {isa = PBXFileReference; fileEncoding = 4; lastKnownFileType = sourcecode.c.h; path = TopPlacesTableViewController.h; sourceTree = "<group>"; };
		2C391450156296E00082277A /* TopPlacesTableViewController.m */ = {isa = PBXFileReference; fileEncoding = 4; lastKnownFileType = sourcecode.c.objc; path = TopPlacesTableViewController.m; sourceTree = "<group>"; };
		2C3914581563EEF40082277A /* RecentPhotosTableViewController.h */ = {isa = PBXFileReference; fileEncoding = 4; lastKnownFileType = sourcecode.c.h; path = RecentPhotosTableViewController.h; sourceTree = "<group>"; };
		2C3914591563EEF40082277A /* RecentPhotosTableViewController.m */ = {isa = PBXFileReference; fileEncoding = 4; lastKnownFileType = sourcecode.c.objc; path = RecentPhotosTableViewController.m; sourceTree = "<group>"; };
		2C86D6B81566690E00458CBC /* PhotoViewController.h */ = {isa = PBXFileReference; fileEncoding = 4; lastKnownFileType = sourcecode.c.h; path = PhotoViewController.h; sourceTree = "<group>"; };
		2C86D6B91566690E00458CBC /* PhotoViewController.m */ = {isa = PBXFileReference; fileEncoding = 4; lastKnownFileType = sourcecode.c.objc; path = PhotoViewController.m; sourceTree = "<group>"; };
		2C86D6C8156AAE9800458CBC /* SplitViewDelegateUITabBarController.h */ = {isa = PBXFileReference; fileEncoding = 4; lastKnownFileType = sourcecode.c.h; path = SplitViewDelegateUITabBarController.h; sourceTree = "<group>"; };
		2C86D6C9156AAE9900458CBC /* SplitViewDelegateUITabBarController.m */ = {isa = PBXFileReference; fileEncoding = 4; lastKnownFileType = sourcecode.c.objc; path = SplitViewDelegateUITabBarController.m; sourceTree = "<group>"; };
		2C86D6CB156AB2FF00458CBC /* SplitViewBarButtonItemPresenter.h */ = {isa = PBXFileReference; lastKnownFileType = sourcecode.c.h; path = SplitViewBarButtonItemPresenter.h; sourceTree = "<group>"; };
		2CE4712F15BC4F4400B092DB /* MapViewController.h */ = {isa = PBXFileReference; fileEncoding = 4; lastKnownFileType = sourcecode.c.h; path = MapViewController.h; sourceTree = "<group>"; };
		2CE4713015BC4F4400B092DB /* MapViewController.m */ = {isa = PBXFileReference; fileEncoding = 4; lastKnownFileType = sourcecode.c.objc; path = MapViewController.m; sourceTree = "<group>"; };
		2CE4713215BC518000B092DB /* MapKit.framework */ = {isa = PBXFileReference; lastKnownFileType = wrapper.framework; name = MapKit.framework; path = System/Library/Frameworks/MapKit.framework; sourceTree = SDKROOT; };
		2CE4713415BC519200B092DB /* CoreLocation.framework */ = {isa = PBXFileReference; lastKnownFileType = wrapper.framework; name = CoreLocation.framework; path = System/Library/Frameworks/CoreLocation.framework; sourceTree = SDKROOT; };
		2CE4713915BD412200B092DB /* FlickrAnnotation.h */ = {isa = PBXFileReference; fileEncoding = 4; lastKnownFileType = sourcecode.c.h; path = FlickrAnnotation.h; sourceTree = "<group>"; };
		2CE4713A15BD412200B092DB /* FlickrAnnotation.m */ = {isa = PBXFileReference; fileEncoding = 4; lastKnownFileType = sourcecode.c.objc; path = FlickrAnnotation.m; sourceTree = "<group>"; };
/* End PBXFileReference section */

/* Begin PBXFrameworksBuildPhase section */
		2C3914201562903B0082277A /* Frameworks */ = {
			isa = PBXFrameworksBuildPhase;
			buildActionMask = 2147483647;
			files = (
				2CE4713515BC519300B092DB /* CoreLocation.framework in Frameworks */,
				2CE4713315BC518000B092DB /* MapKit.framework in Frameworks */,
				2C3914281562903B0082277A /* UIKit.framework in Frameworks */,
				2C39142A1562903B0082277A /* Foundation.framework in Frameworks */,
				2C39142C1562903B0082277A /* CoreGraphics.framework in Frameworks */,
			);
			runOnlyForDeploymentPostprocessing = 0;
		};
/* End PBXFrameworksBuildPhase section */

/* Begin PBXGroup section */
		2C3914181562903B0082277A = {
			isa = PBXGroup;
			children = (
				2CE4713415BC519200B092DB /* CoreLocation.framework */,
				2CE4713215BC518000B092DB /* MapKit.framework */,
				2C39142D1562903B0082277A /* FlickrCS193p */,
				2C3914261562903B0082277A /* Frameworks */,
				2C3914241562903B0082277A /* Products */,
			);
			sourceTree = "<group>";
		};
		2C3914241562903B0082277A /* Products */ = {
			isa = PBXGroup;
			children = (
				2C3914231562903B0082277A /* FlickrCS193p.app */,
			);
			name = Products;
			sourceTree = "<group>";
		};
		2C3914261562903B0082277A /* Frameworks */ = {
			isa = PBXGroup;
			children = (
				2C3914271562903B0082277A /* UIKit.framework */,
				2C3914291562903B0082277A /* Foundation.framework */,
				2C39142B1562903B0082277A /* CoreGraphics.framework */,
			);
			name = Frameworks;
			sourceTree = "<group>";
		};
		2C39142D1562903B0082277A /* FlickrCS193p */ = {
			isa = PBXGroup;
			children = (
				2CE4713915BD412200B092DB /* FlickrAnnotation.h */,
				2CE4713A15BD412200B092DB /* FlickrAnnotation.m */,
				2CE4712F15BC4F4400B092DB /* MapViewController.h */,
				2CE4713015BC4F4400B092DB /* MapViewController.m */,
				2C1B5EC01595E236006F3E8A /* photo.png */,
				2C3914361562903B0082277A /* FlickrCS193pAppDelegate.h */,
				2C3914371562903B0082277A /* FlickrCS193pAppDelegate.m */,
				2C391447156290860082277A /* FlickrAPIKey.h */,
				2C391448156290860082277A /* FlickrFetcher.h */,
				2C391449156290860082277A /* FlickrFetcher.m */,
				2C3914391562903B0082277A /* MainStoryboard_iPhone.storyboard */,
				2C39143C1562903B0082277A /* MainStoryboard_iPad.storyboard */,
				2C86D6C8156AAE9800458CBC /* SplitViewDelegateUITabBarController.h */,
				2C86D6C9156AAE9900458CBC /* SplitViewDelegateUITabBarController.m */,
				2C86D6CB156AB2FF00458CBC /* SplitViewBarButtonItemPresenter.h */,
				2C39144F156296E00082277A /* TopPlacesTableViewController.h */,
				2C391450156296E00082277A /* TopPlacesTableViewController.m */,
				2C3914581563EEF40082277A /* RecentPhotosTableViewController.h */,
				2C3914591563EEF40082277A /* RecentPhotosTableViewController.m */,
				2C86D6B81566690E00458CBC /* PhotoViewController.h */,
				2C86D6B91566690E00458CBC /* PhotoViewController.m */,
				2C39142E1562903B0082277A /* Supporting Files */,
			);
			path = FlickrCS193p;
			sourceTree = "<group>";
		};
		2C39142E1562903B0082277A /* Supporting Files */ = {
			isa = PBXGroup;
			children = (
				2C39142F1562903B0082277A /* FlickrCS193p-Info.plist */,
				2C3914301562903B0082277A /* InfoPlist.strings */,
				2C3914331562903B0082277A /* main.m */,
				2C3914351562903B0082277A /* FlickrCS193p-Prefix.pch */,
			);
			name = "Supporting Files";
			sourceTree = "<group>";
		};
/* End PBXGroup section */

/* Begin PBXNativeTarget section */
		2C3914221562903B0082277A /* FlickrCS193p */ = {
			isa = PBXNativeTarget;
			buildConfigurationList = 2C3914441562903B0082277A /* Build configuration list for PBXNativeTarget "FlickrCS193p" */;
			buildPhases = (
				2C39141F1562903B0082277A /* Sources */,
				2C3914201562903B0082277A /* Frameworks */,
				2C3914211562903B0082277A /* Resources */,
			);
			buildRules = (
			);
			dependencies = (
			);
			name = FlickrCS193p;
			productName = FlickrCS193p;
			productReference = 2C3914231562903B0082277A /* FlickrCS193p.app */;
			productType = "com.apple.product-type.application";
		};
/* End PBXNativeTarget section */

/* Begin PBXProject section */
		2C39141A1562903B0082277A /* Project object */ = {
			isa = PBXProject;
			attributes = {
				CLASSPREFIX = FlickrCS193p;
				LastUpgradeCheck = 0430;
				ORGANIZATIONNAME = "Maxim V. Grigoriev";
			};
			buildConfigurationList = 2C39141D1562903B0082277A /* Build configuration list for PBXProject "FlickrCS193p" */;
			compatibilityVersion = "Xcode 3.2";
			developmentRegion = English;
			hasScannedForEncodings = 0;
			knownRegions = (
				en,
			);
			mainGroup = 2C3914181562903B0082277A;
			productRefGroup = 2C3914241562903B0082277A /* Products */;
			projectDirPath = "";
			projectRoot = "";
			targets = (
				2C3914221562903B0082277A /* FlickrCS193p */,
			);
		};
/* End PBXProject section */

/* Begin PBXResourcesBuildPhase section */
		2C3914211562903B0082277A /* Resources */ = {
			isa = PBXResourcesBuildPhase;
			buildActionMask = 2147483647;
			files = (
				2C3914321562903B0082277A /* InfoPlist.strings in Resources */,
				2C39143B1562903B0082277A /* MainStoryboard_iPhone.storyboard in Resources */,
				2C39143E1562903B0082277A /* MainStoryboard_iPad.storyboard in Resources */,
				2C1B5EC11595E236006F3E8A /* photo.png in Resources */,
			);
			runOnlyForDeploymentPostprocessing = 0;
		};
/* End PBXResourcesBuildPhase section */

/* Begin PBXSourcesBuildPhase section */
		2C39141F1562903B0082277A /* Sources */ = {
			isa = PBXSourcesBuildPhase;
			buildActionMask = 2147483647;
			files = (
				2C3914341562903B0082277A /* main.m in Sources */,
				2C3914381562903B0082277A /* FlickrCS193pAppDelegate.m in Sources */,
				2C39144A156290870082277A /* FlickrFetcher.m in Sources */,
				2C391451156296E00082277A /* TopPlacesTableViewController.m in Sources */,
				2C39145A1563EEF40082277A /* RecentPhotosTableViewController.m in Sources */,
				2C86D6BA1566690E00458CBC /* PhotoViewController.m in Sources */,
				2C86D6CA156AAE9900458CBC /* SplitViewDelegateUITabBarController.m in Sources */,
				2CE4713115BC4F4400B092DB /* MapViewController.m in Sources */,
				2CE4713B15BD412300B092DB /* FlickrAnnotation.m in Sources */,
			);
			runOnlyForDeploymentPostprocessing = 0;
		};
/* End PBXSourcesBuildPhase section */

/* Begin PBXVariantGroup section */
		2C3914301562903B0082277A /* InfoPlist.strings */ = {
			isa = PBXVariantGroup;
			children = (
				2C3914311562903B0082277A /* en */,
			);
			name = InfoPlist.strings;
			sourceTree = "<group>";
		};
		2C3914391562903B0082277A /* MainStoryboard_iPhone.storyboard */ = {
			isa = PBXVariantGroup;
			children = (
				2C39143A1562903B0082277A /* en */,
			);
			name = MainStoryboard_iPhone.storyboard;
			sourceTree = "<group>";
		};
		2C39143C1562903B0082277A /* MainStoryboard_iPad.storyboard */ = {
			isa = PBXVariantGroup;
			children = (
				2C39143D1562903B0082277A /* en */,
			);
			name = MainStoryboard_iPad.storyboard;
			sourceTree = "<group>";
		};
/* End PBXVariantGroup section */

/* Begin XCBuildConfiguration section */
		2C3914421562903B0082277A /* Debug */ = {
			isa = XCBuildConfiguration;
			buildSettings = {
				ALWAYS_SEARCH_USER_PATHS = NO;
				ARCHS = "$(ARCHS_STANDARD_32_BIT)";
				CLANG_ENABLE_OBJC_ARC = YES;
				"CODE_SIGN_IDENTITY[sdk=iphoneos*]" = "iPhone Developer";
				COPY_PHASE_STRIP = NO;
				GCC_C_LANGUAGE_STANDARD = gnu99;
				GCC_DYNAMIC_NO_PIC = NO;
				GCC_OPTIMIZATION_LEVEL = 0;
				GCC_PREPROCESSOR_DEFINITIONS = (
					"DEBUG=1",
					"$(inherited)",
				);
				GCC_SYMBOLS_PRIVATE_EXTERN = NO;
				GCC_VERSION = com.apple.compilers.llvm.clang.1_0;
				GCC_WARN_ABOUT_RETURN_TYPE = YES;
				GCC_WARN_UNINITIALIZED_AUTOS = YES;
				GCC_WARN_UNUSED_VARIABLE = YES;
				IPHONEOS_DEPLOYMENT_TARGET = 5.1;
				SDKROOT = iphoneos;
				TARGETED_DEVICE_FAMILY = "1,2";
			};
			name = Debug;
		};
		2C3914431562903B0082277A /* Release */ = {
			isa = XCBuildConfiguration;
			buildSettings = {
				ALWAYS_SEARCH_USER_PATHS = NO;
				ARCHS = "$(ARCHS_STANDARD_32_BIT)";
				CLANG_ENABLE_OBJC_ARC = YES;
				"CODE_SIGN_IDENTITY[sdk=iphoneos*]" = "iPhone Developer";
				COPY_PHASE_STRIP = YES;
				GCC_C_LANGUAGE_STANDARD = gnu99;
				GCC_VERSION = com.apple.compilers.llvm.clang.1_0;
				GCC_WARN_ABOUT_RETURN_TYPE = YES;
				GCC_WARN_UNINITIALIZED_AUTOS = YES;
				GCC_WARN_UNUSED_VARIABLE = YES;
				IPHONEOS_DEPLOYMENT_TARGET = 5.1;
				OTHER_CFLAGS = "-DNS_BLOCK_ASSERTIONS=1";
				SDKROOT = iphoneos;
				TARGETED_DEVICE_FAMILY = "1,2";
				VALIDATE_PRODUCT = YES;
			};
			name = Release;
		};
		2C3914451562903B0082277A /* Debug */ = {
			isa = XCBuildConfiguration;
			buildSettings = {
				GCC_PRECOMPILE_PREFIX_HEADER = YES;
				GCC_PREFIX_HEADER = "FlickrCS193p/FlickrCS193p-Prefix.pch";
				INFOPLIST_FILE = "FlickrCS193p/FlickrCS193p-Info.plist";
				PRODUCT_NAME = "$(TARGET_NAME)";
				WRAPPER_EXTENSION = app;
			};
			name = Debug;
		};
		2C3914461562903B0082277A /* Release */ = {
			isa = XCBuildConfiguration;
			buildSettings = {
				GCC_PRECOMPILE_PREFIX_HEADER = YES;
				GCC_PREFIX_HEADER = "FlickrCS193p/FlickrCS193p-Prefix.pch";
				INFOPLIST_FILE = "FlickrCS193p/FlickrCS193p-Info.plist";
				PRODUCT_NAME = "$(TARGET_NAME)";
				WRAPPER_EXTENSION = app;
			};
			name = Release;
		};
/* End XCBuildConfiguration section */

/* Begin XCConfigurationList section */
		2C39141D1562903B0082277A /* Build configuration list for PBXProject "FlickrCS193p" */ = {
			isa = XCConfigurationList;
			buildConfigurations = (
				2C3914421562903B0082277A /* Debug */,
				2C3914431562903B0082277A /* Release */,
			);
			defaultConfigurationIsVisible = 0;
			defaultConfigurationName = Release;
		};
		2C3914441562903B0082277A /* Build configuration list for PBXNativeTarget "FlickrCS193p" */ = {
			isa = XCConfigurationList;
			buildConfigurations = (
				2C3914451562903B0082277A /* Debug */,
				2C3914461562903B0082277A /* Release */,
			);
			defaultConfigurationIsVisible = 0;
			defaultConfigurationName = Release;
		};
/* End XCConfigurationList section */
	};
	rootObject = 2C39141A1562903B0082277A /* Project object */;
}
